
Microsoft Visual Studio Solution File, Format Version 12.00
# Visual Studio Version 17
VisualStudioVersion = 17.0.32112.339
MinimumVisualStudioVersion = 10.0.40219.1
Project("{FAE04EC0-301F-11D3-BF4B-00C04F79EFBC}") = "SlotMachine", "SlotMachine\SlotMachine.csproj", "{B849B8DC-1B4D-42E5-B9F8-E888A85A84B8}"
EndProject
Project("{FAE04EC0-301F-11D3-BF4B-00C04F79EFBC}") = "SlotMachine.Services", "SlotMachine.Services\SlotMachine.Services.csproj", "{12463175-90F2-4DC2-A0A1-29B97C9F5842}"
EndProject
Global
	GlobalSection(SolutionConfigurationPlatforms) = preSolution
		Debug|Any CPU = Debug|Any CPU
		Release|Any CPU = Release|Any CPU
	EndGlobalSection
	GlobalSection(ProjectConfigurationPlatforms) = postSolution
		{B849B8DC-1B4D-42E5-B9F8-E888A85A84B8}.Debug|Any CPU.ActiveCfg = Debug|Any CPU
		{B849B8DC-1B4D-42E5-B9F8-E888A85A84B8}.Debug|Any CPU.Build.0 = Debug|Any CPU
		{B849B8DC-1B4D-42E5-B9F8-E888A85A84B8}.Release|Any CPU.ActiveCfg = Release|Any CPU
		{B849B8DC-1B4D-42E5-B9F8-E888A85A84B8}.Release|Any CPU.Build.0 = Release|Any CPU
		{12463175-90F2-4DC2-A0A1-29B97C9F5842}.Debug|Any CPU.ActiveCfg = Debug|Any CPU
		{12463175-90F2-4DC2-A0A1-29B97C9F5842}.Debug|Any CPU.Build.0 = Debug|Any CPU
		{12463175-90F2-4DC2-A0A1-29B97C9F5842}.Release|Any CPU.ActiveCfg = Release|Any CPU
		{12463175-90F2-4DC2-A0A1-29B97C9F5842}.Release|Any CPU.Build.0 = Release|Any CPU
	EndGlobalSection
	GlobalSection(SolutionProperties) = preSolution
		HideSolutionNode = FALSE
	EndGlobalSection
	GlobalSection(ExtensibilityGlobals) = postSolution
		SolutionGuid = {BDCEE6E1-8116-44DE-89C3-BAC9FFA3B5C4}
	EndGlobalSection
EndGlobal
